
Microsoft Visual Studio Solution File, Format Version 12.00
# Visual Studio Version 17
VisualStudioVersion = 17.9.34723.18
MinimumVisualStudioVersion = 10.0.40219.1
Project("{FAE04EC0-301F-11D3-BF4B-00C04F79EFBC}") = "GameOfLifeConsole", "GameOfLifeConsole\GameOfLifeConsole.csproj", "{026D36CA-3147-4CBE-9E61-14FDE4CC58C4}"
EndProject
Global
	GlobalSection(SolutionConfigurationPlatforms) = preSolution
		Debug|Any CPU = Debug|Any CPU
		Release|Any CPU = Release|Any CPU
	EndGlobalSection
	GlobalSection(ProjectConfigurationPlatforms) = postSolution
		{026D36CA-3147-4CBE-9E61-14FDE4CC58C4}.Debug|Any CPU.ActiveCfg = Debug|Any CPU
		{026D36CA-3147-4CBE-9E61-14FDE4CC58C4}.Debug|Any CPU.Build.0 = Debug|Any CPU
		{026D36CA-3147-4CBE-9E61-14FDE4CC58C4}.Release|Any CPU.ActiveCfg = Release|Any CPU
		{026D36CA-3147-4CBE-9E61-14FDE4CC58C4}.Release|Any CPU.Build.0 = Release|Any CPU
	EndGlobalSection
	GlobalSection(SolutionProperties) = preSolution
		HideSolutionNode = FALSE
	EndGlobalSection
	GlobalSection(ExtensibilityGlobals) = postSolution
		SolutionGuid = {5F26438A-7107-4A5F-823C-20FD7D277E01}
	EndGlobalSection
EndGlobal
